{
  "nodes": {
    "devshell": {
      "locked": {
        "lastModified": 1611302109,
        "narHash": "sha256-t/4X34zcMiTj1biawU7UHeV/nL5vzLWlBMYzLUlSE+s=",
        "owner": "numtide",
        "repo": "devshell",
        "rev": "9aa8c4c4dc52203e265e5322216a28badf185003",
        "type": "github"
      },
      "original": {
        "owner": "numtide",
        "repo": "devshell",
        "type": "github"
      }
    },
    "flake-utils": {
      "locked": {
        "lastModified": 1609246779,
        "narHash": "sha256-eq6ZXE/VWo3EMC65jmIT6H/rrUc9UWOWVujkzav025k=",
        "owner": "numtide",
        "repo": "flake-utils",
        "rev": "08c7ad4a0844adc4a7f9f5bb3beae482e789afa4",
        "type": "github"
      },
      "original": {
        "owner": "numtide",
        "repo": "flake-utils",
        "type": "github"
      }
    },
    "flakeUtils": {
      "locked": {
        "lastModified": 1610051610,
        "narHash": "sha256-U9rPz/usA1/Aohhk7Cmc2gBrEEKRzcW4nwPWMPwja4Y=",
        "owner": "numtide",
        "repo": "flake-utils",
        "rev": "3982c9903e93927c2164caa727cd3f6a0e6d14cc",
        "type": "github"
      },
      "original": {
        "owner": "numtide",
        "repo": "flake-utils",
        "type": "github"
      }
    },
    "naersk": {
      "inputs": {
        "nixpkgs": [
          "nixpkgs"
        ]
      },
      "locked": {
        "lastModified": 1610977739,
        "narHash": "sha256-W+uzJ49g/koyX30g/24OVehw5iG54klR0pFwFLuuzHw=",
        "owner": "nmattia",
        "repo": "naersk",
        "rev": "79a613f3b5b6ca73eb25d02051192b8aeddfdb53",
        "type": "github"
      },
      "original": {
        "owner": "nmattia",
        "repo": "naersk",
        "type": "github"
      }
    },
    "nixpkgs": {
      "locked": {
        "lastModified": 1611429538,
        "narHash": "sha256-5xlIMueskuOBYckggcZj6TyBxrQ5OhwaZNgCH1Zq6zU=",
        "owner": "NixOS",
        "repo": "nixpkgs",
        "rev": "fcef64cc39816a38a0c617a7e49076fc1ab080cf",
        "type": "github"
      },
      "original": {
        "owner": "NixOS",
        "ref": "nixpkgs-unstable",
        "repo": "nixpkgs",
        "type": "github"
      }
    },
    "root": {
      "inputs": {
        "devshell": "devshell",
        "flakeUtils": "flakeUtils",
        "naersk": "naersk",
        "nixpkgs": "nixpkgs",
        "rustOverlay": "rustOverlay"
      }
    },
    "rustOverlay": {
      "inputs": {
        "flake-utils": "flake-utils",
        "nixpkgs": [
          "nixpkgs"
        ]
      },
      "locked": {
        "lastModified": 1611458507,
        "narHash": "sha256-VLkzeC2KpbBP3tc3czX0c1VlDZJ99Fhguy6SWgb/ab4=",
        "owner": "oxalica",
        "repo": "rust-overlay",
        "rev": "3bf39163052062aa26d8fb40f20ba6ee388e3635",
        "type": "github"
      },
      "original": {
        "owner": "oxalica",
        "repo": "rust-overlay",
        "type": "github"
      }
    }
  },
  "root": "root",
  "version": 7
}
