{
  "nodes": {
    "crane": {
      "flake": false,
      "locked": {
        "lastModified": 1654444508,
        "narHash": "sha256-4OBvQ4V7jyt7afs6iKUvRzJ1u/9eYnKzVQbeQdiamuY=",
        "owner": "ipetkov",
        "repo": "crane",
        "rev": "db5482bf225acc3160899124a1df5a617cfa27b5",
        "type": "github"
      },
      "original": {
        "owner": "ipetkov",
        "repo": "crane",
        "type": "github"
      }
    },
    "devshell": {
      "flake": false,
      "locked": {
        "lastModified": 1658746384,
        "narHash": "sha256-CCJcoMOcXyZFrV1ag4XMTpAPjLWb4Anbv+ktXFI1ry0=",
        "owner": "numtide",
        "repo": "devshell",
        "rev": "0ffc7937bb5e8141af03d462b468bd071eb18e1b",
        "type": "github"
      },
      "original": {
        "owner": "numtide",
        "repo": "devshell",
        "type": "github"
      }
    },
    "dream2nix": {
      "inputs": {
        "alejandra": [
          "nixCargoIntegration",
          "nixpkgs"
        ],
        "crane": "crane",
        "devshell": [
          "nixCargoIntegration",
          "devshell"
        ],
        "flake-utils-pre-commit": [
          "nixCargoIntegration",
          "nixpkgs"
        ],
        "gomod2nix": [
          "nixCargoIntegration",
          "nixpkgs"
        ],
        "mach-nix": [
          "nixCargoIntegration",
          "nixpkgs"
        ],
        "nixpkgs": [
          "nixCargoIntegration",
          "nixpkgs"
        ],
        "node2nix": [
          "nixCargoIntegration",
          "nixpkgs"
        ],
        "poetry2nix": [
          "nixCargoIntegration",
          "nixpkgs"
        ],
        "pre-commit-hooks": [
          "nixCargoIntegration",
          "nixpkgs"
        ]
      },
      "locked": {
        "lastModified": 1658949826,
        "narHash": "sha256-GtYD2k6B+cf5OLRW0RZXEu3QdJ2vJCMWrLgUhla21fQ=",
        "owner": "nix-community",
        "repo": "dream2nix",
        "rev": "99914a433119cdf2f4ea51ca9a6686c3cbeb18de",
        "type": "github"
      },
      "original": {
        "owner": "nix-community",
        "repo": "dream2nix",
        "type": "github"
      }
    },
    "flakeCompat": {
      "flake": false,
      "locked": {
        "lastModified": 1650374568,
        "narHash": "sha256-Z+s0J8/r907g149rllvwhb4pKi8Wam5ij0st8PwAh+E=",
        "owner": "edolstra",
        "repo": "flake-compat",
        "rev": "b4a34015c698c7793d592d66adbab377907a2be8",
        "type": "github"
      },
      "original": {
        "owner": "edolstra",
        "repo": "flake-compat",
        "type": "github"
      }
    },
    "nixCargoIntegration": {
      "inputs": {
        "devshell": "devshell",
        "dream2nix": "dream2nix",
        "nixpkgs": [
          "nixpkgs"
        ],
        "rust-overlay": "rust-overlay"
      },
      "locked": {
        "lastModified": 1659018886,
        "narHash": "sha256-KgoiEkpPW+c11m6E5Psd3HaVoYFjRFbAVo+4JlG06lI=",
        "owner": "yusdacra",
        "repo": "nix-cargo-integration",
        "rev": "1bbf50986f01c65a2fef2d07e5c755c2045db2b7",
        "type": "github"
      },
      "original": {
        "owner": "yusdacra",
        "repo": "nix-cargo-integration",
        "type": "github"
      }
    },
    "nixpkgs": {
      "locked": {
        "lastModified": 1658937758,
        "narHash": "sha256-FxQB/tWX15Faq3GBM+qTfVzd9qJqy/3CEgBp2zpHeNc=",
        "owner": "NixOS",
        "repo": "nixpkgs",
        "rev": "8f73de28e63988da02426ebb17209e3ae07f103b",
        "type": "github"
      },
      "original": {
        "owner": "NixOS",
        "ref": "nixpkgs-unstable",
        "repo": "nixpkgs",
        "type": "github"
      }
    },
    "root": {
      "inputs": {
        "flakeCompat": "flakeCompat",
        "nixCargoIntegration": "nixCargoIntegration",
        "nixpkgs": "nixpkgs"
      }
    },
    "rust-overlay": {
      "flake": false,
      "locked": {
        "lastModified": 1658976490,
        "narHash": "sha256-L2zf+ertc3WoKuiZatEHiFlrwN049EXapEoIiTS3J78=",
        "owner": "oxalica",
        "repo": "rust-overlay",
        "rev": "bca9a9b96146145147540b890b4f9393d456e5bb",
        "type": "github"
      },
      "original": {
        "owner": "oxalica",
        "repo": "rust-overlay",
        "type": "github"
      }
    }
  },
  "root": "root",
  "version": 7
}
