{
  "nodes": {
    "flakeUtils": {
      "locked": {
        "lastModified": 1609935452,
        "narHash": "sha256-McwA/tAnnS8LaAdEoONBsdKFHuOpHMxKqpMCU1wL7H4=",
        "owner": "numtide",
        "repo": "flake-utils",
        "rev": "8088c6dbe86a7e6e6396c83e43020e8a1edb08d5",
        "type": "github"
      },
      "original": {
        "owner": "numtide",
        "repo": "flake-utils",
        "type": "github"
      }
    },
    "naersk": {
      "inputs": {
        "nixpkgs": "nixpkgs"
      },
      "locked": {
        "lastModified": 1606830243,
        "narHash": "sha256-XuHaoQNTZ+aUvM6GjsGr8bax51Vvif+kuq4il6d4ZSU=",
        "owner": "nmattia",
        "repo": "naersk",
        "rev": "a76924cbbb17c387e5ae4998a4721d88a3ac95c0",
        "type": "github"
      },
      "original": {
        "owner": "nmattia",
        "repo": "naersk",
        "type": "github"
      }
    },
    "nixpkgs": {
      "locked": {
        "lastModified": 1609945281,
        "narHash": "sha256-//49JhpLwwqra1bx2q5i8pI1HsGFgNmnoPtklF0uTcw=",
        "owner": "NixOS",
        "repo": "nixpkgs",
        "rev": "44c443a7a602e7752641aac21e4ad17061761290",
        "type": "github"
      },
      "original": {
        "id": "nixpkgs",
        "type": "indirect"
      }
    },
    "nixpkgsMoz": {
      "flake": false,
      "locked": {
        "lastModified": 1603906276,
        "narHash": "sha256-RsNPnEKd7BcogwkqhaV5kI/HuNC4flH/OQCC/4W5y/8=",
        "owner": "mozilla",
        "repo": "nixpkgs-mozilla",
        "rev": "8c007b60731c07dd7a052cce508de3bb1ae849b4",
        "type": "github"
      },
      "original": {
        "owner": "mozilla",
        "repo": "nixpkgs-mozilla",
        "type": "github"
      }
    },
    "nixpkgs_2": {
      "locked": {
        "lastModified": 1609945281,
        "narHash": "sha256-//49JhpLwwqra1bx2q5i8pI1HsGFgNmnoPtklF0uTcw=",
        "owner": "NixOS",
        "repo": "nixpkgs",
        "rev": "44c443a7a602e7752641aac21e4ad17061761290",
        "type": "github"
      },
      "original": {
        "owner": "NixOS",
        "ref": "nixpkgs-unstable",
        "repo": "nixpkgs",
        "type": "github"
      }
    },
    "root": {
      "inputs": {
        "flakeUtils": "flakeUtils",
        "naersk": "naersk",
        "nixpkgs": "nixpkgs_2",
        "nixpkgsMoz": "nixpkgsMoz"
      }
    }
  },
  "root": "root",
  "version": 7
}
